{
  "object": {
    "pins": [
      {
        "package": "SwiftConvenience",
        "repositoryURL": "https://github.com/trthtai/SwiftConvenience.git",
        "state": {
          "branch": null,
          "revision": "6eb0c17fcdd1c5f148be629f7d52f8bc1d805913",
          "version": "0.0.23"
        }
      }
    ]
  },
  "version": 1
}
