{
  "object": {
    "pins": [
      {
        "package": "SwiftConvenience",
        "repositoryURL": "https://github.com/trthtai/SwiftConvenience.git",
        "state": {
          "branch": null,
          "revision": "9500a9b9d995bd929e3b7d3b9ceff24f275384ae",
          "version": "0.0.22"
        }
      }
    ]
  },
  "version": 1
}
